
Microsoft Visual Studio Solution File, Format Version 12.00
# Visual Studio Version 16
VisualStudioVersion = 16.0.35229.62
MinimumVisualStudioVersion = 10.0.40219.1
Project("{FAE04EC0-301F-11D3-BF4B-00C04F79EFBC}") = "FirePolicyIssuanceSystem", "FirePolicyIssuanceSystem\FirePolicyIssuanceSystem.csproj", "{79E1EB1A-F883-4355-85D1-363D12C39957}"
EndProject
Project("{FAE04EC0-301F-11D3-BF4B-00C04F79EFBC}") = "BusinessLayer", "BusinessLayer\BusinessLayer.csproj", "{4E39DBF6-3619-4713-8BC8-F4B490F5EEBE}"
EndProject
Project("{FAE04EC0-301F-11D3-BF4B-00C04F79EFBC}") = "DataAccessLayer", "DataAccessLayer\DataAccessLayer.csproj", "{0379E9B5-6EB2-4810-B91B-3F870AB9A090}"
EndProject
Global
	GlobalSection(SolutionConfigurationPlatforms) = preSolution
		Debug|Any CPU = Debug|Any CPU
		Release|Any CPU = Release|Any CPU
	EndGlobalSection
	GlobalSection(ProjectConfigurationPlatforms) = postSolution
		{79E1EB1A-F883-4355-85D1-363D12C39957}.Debug|Any CPU.ActiveCfg = Debug|Any CPU
		{79E1EB1A-F883-4355-85D1-363D12C39957}.Debug|Any CPU.Build.0 = Debug|Any CPU
		{79E1EB1A-F883-4355-85D1-363D12C39957}.Release|Any CPU.ActiveCfg = Release|Any CPU
		{79E1EB1A-F883-4355-85D1-363D12C39957}.Release|Any CPU.Build.0 = Release|Any CPU
		{4E39DBF6-3619-4713-8BC8-F4B490F5EEBE}.Debug|Any CPU.ActiveCfg = Debug|Any CPU
		{4E39DBF6-3619-4713-8BC8-F4B490F5EEBE}.Debug|Any CPU.Build.0 = Debug|Any CPU
		{4E39DBF6-3619-4713-8BC8-F4B490F5EEBE}.Release|Any CPU.ActiveCfg = Release|Any CPU
		{4E39DBF6-3619-4713-8BC8-F4B490F5EEBE}.Release|Any CPU.Build.0 = Release|Any CPU
		{0379E9B5-6EB2-4810-B91B-3F870AB9A090}.Debug|Any CPU.ActiveCfg = Debug|Any CPU
		{0379E9B5-6EB2-4810-B91B-3F870AB9A090}.Debug|Any CPU.Build.0 = Debug|Any CPU
		{0379E9B5-6EB2-4810-B91B-3F870AB9A090}.Release|Any CPU.ActiveCfg = Release|Any CPU
		{0379E9B5-6EB2-4810-B91B-3F870AB9A090}.Release|Any CPU.Build.0 = Release|Any CPU
	EndGlobalSection
	GlobalSection(SolutionProperties) = preSolution
		HideSolutionNode = FALSE
	EndGlobalSection
	GlobalSection(ExtensibilityGlobals) = postSolution
		SolutionGuid = {37577347-B955-44AE-A89A-25B831C033DC}
	EndGlobalSection
EndGlobal
